dependencies:
  espressif/esp-dsp:
    component_hash: c1832a2020342144d0de7940f73184584f182b3e9aa53180ee86c84ce7ff14dc
    dependencies:
    - name: idf
      require: private
      version: '>=4.2'
    source:
      registry_url: https://components.espressif.com/
      type: service
    version: 1.8.1
  h2zero/esp-nimble-cpp:
    component_hash: 720050476f7fb47bd0aa08a94642fd09a50536391d60081858702a789405d76f
    dependencies:
    - name: espressif/esp_hosted
      registry_url: https://components.espressif.com
      require: private
      rules:
      - if: target in [esp32p4]
      version: '*'
    - name: espressif/esp_wifi_remote
      registry_url: https://components.espressif.com
      require: private
      rules:
      - if: target in [esp32p4]
      version: '>=0.5.3'
    - name: idf
      require: private
      rules:
      - if: target in [esp32p4]
      version: '>=5.3.0'
    source:
      registry_url: https://components.espressif.com/
      type: service
    version: 2.5.0
  idf:
    source:
      type: idf
    version: 6.0.1
direct_dependencies:
- espressif/esp-dsp
- h2zero/esp-nimble-cpp
- idf
manifest_hash: 1c1b2a89a23ff9563b7634aa02ab603e5648719233cf61840c2cff197ea046b1
target: esp32
version: 3.0.0
